
Microsoft Visual Studio Solution File, Format Version 12.00
# Visual Studio Version 17
VisualStudioVersion = 17.8.34525.116
MinimumVisualStudioVersion = 10.0.40219.1
Project("{FAE04EC0-301F-11D3-BF4B-00C04F79EFBC}") = "ReactAppASPMedical.Server", "ReactAppASPMedical.Server\ReactAppASPMedical.Server.csproj", "{475F7942-AEEF-4923-820A-5BDBAAAAC68B}"
EndProject
Project("{54A90642-561A-4BB1-A94E-469ADEE60C69}") = "reactappaspmedical.client", "reactappaspmedical.client\reactappaspmedical.client.esproj", "{12D94DAA-746E-435C-9277-9AB7433ECE38}"
EndProject
Global
	GlobalSection(SolutionConfigurationPlatforms) = preSolution
		Debug|Any CPU = Debug|Any CPU
		Release|Any CPU = Release|Any CPU
	EndGlobalSection
	GlobalSection(ProjectConfigurationPlatforms) = postSolution
		{475F7942-AEEF-4923-820A-5BDBAAAAC68B}.Debug|Any CPU.ActiveCfg = Debug|Any CPU
		{475F7942-AEEF-4923-820A-5BDBAAAAC68B}.Debug|Any CPU.Build.0 = Debug|Any CPU
		{475F7942-AEEF-4923-820A-5BDBAAAAC68B}.Release|Any CPU.ActiveCfg = Release|Any CPU
		{475F7942-AEEF-4923-820A-5BDBAAAAC68B}.Release|Any CPU.Build.0 = Release|Any CPU
		{12D94DAA-746E-435C-9277-9AB7433ECE38}.Debug|Any CPU.ActiveCfg = Debug|Any CPU
		{12D94DAA-746E-435C-9277-9AB7433ECE38}.Debug|Any CPU.Build.0 = Debug|Any CPU
		{12D94DAA-746E-435C-9277-9AB7433ECE38}.Debug|Any CPU.Deploy.0 = Debug|Any CPU
		{12D94DAA-746E-435C-9277-9AB7433ECE38}.Release|Any CPU.ActiveCfg = Release|Any CPU
		{12D94DAA-746E-435C-9277-9AB7433ECE38}.Release|Any CPU.Build.0 = Release|Any CPU
		{12D94DAA-746E-435C-9277-9AB7433ECE38}.Release|Any CPU.Deploy.0 = Release|Any CPU
	EndGlobalSection
	GlobalSection(SolutionProperties) = preSolution
		HideSolutionNode = FALSE
	EndGlobalSection
	GlobalSection(ExtensibilityGlobals) = postSolution
		SolutionGuid = {73D4A82A-9381-4610-9AA0-2C0E4E92F7B6}
	EndGlobalSection
EndGlobal
